{
    "_readme": [
        "This file locks the dependencies of your project to a known state",
        "Read more about it at https://getcomposer.org/doc/01-basic-usage.md#installing-dependencies",
        "This file is @generated automatically"
    ],
    "content-hash": "e61cfc91565502ab0d18f78bc95ad16c",
    "packages": [
        {
            "name": "psr/log",
            "version": "1.1.2",
            "source": {
                "type": "git",
                "url": "https://github.com/php-fig/log.git",
                "reference": "446d54b4cb6bf489fc9d75f55843658e6f25d801"
            },
            "dist": {
                "type": "zip",
                "url": "https://api.github.com/repos/php-fig/log/zipball/446d54b4cb6bf489fc9d75f55843658e6f25d801",
                "reference": "446d54b4cb6bf489fc9d75f55843658e6f25d801",
                "shasum": ""
            },
            "require": {
                "php": ">=5.3.0"
            },
            "type": "library",
            "extra": {
                "branch-alias": {
                    "dev-master": "1.1.x-dev"
                }
            },
            "autoload": {
                "psr-4": {
                    "Psr\\Log\\": "Psr/Log/"
                }
            },
            "notification-url": "https://packagist.org/downloads/",
            "license": [
                "MIT"
            ],
            "authors": [
                {
                    "name": "PHP-FIG",
                    "homepage": "http://www.php-fig.org/"
                }
            ],
            "description": "Common interface for logging libraries",
            "homepage": "https://github.com/php-fig/log",
            "keywords": [
                "log",
                "psr",
                "psr-3"
            ],
            "time": "2019-11-01T11:05:21+00:00"
        },
        {
            "name": "snalesh/data-object",
            "version": "1.0.0",
            "source": {
                "type": "git",
                "url": "https://github.com/snalesh/data-object.git",
                "reference": "8e28277b5d5643751b2fa7c439a2e17716547490"
            },
            "dist": {
                "type": "zip",
                "url": "https://api.github.com/repos/snalesh/data-object/zipball/8e28277b5d5643751b2fa7c439a2e17716547490",
                "reference": "8e28277b5d5643751b2fa7c439a2e17716547490",
                "shasum": ""
            },
            "require": {
                "php": "^5.6 || ^7.0"
            },
            "type": "library",
            "autoload": {
                "psr-4": {
                    "snalesh\\DataObject\\": "src"
                }
            },
            "notification-url": "https://packagist.org/downloads/",
            "license": [
                "GPL-3.0-only"
            ],
            "description": "basic abstract data object preventing setting of dynamic props on objects",
            "time": "2020-03-22T12:11:30+00:00"
        }
    ],
    "packages-dev": [],
    "aliases": [],
    "minimum-stability": "stable",
    "stability-flags": [],
    "prefer-stable": false,
    "prefer-lowest": false,
    "platform": {
        "php": "^7.0"
    },
    "platform-dev": [],
    "plugin-api-version": "1.1.0"
}
